
Microsoft Visual Studio Solution File, Format Version 12.00
# Visual Studio Version 17
VisualStudioVersion = 17.13.35825.156 d17.13
MinimumVisualStudioVersion = 10.0.40219.1
Project("{FAE04EC0-301F-11D3-BF4B-00C04F79EFBC}") = "PabloAPI", "PabloAPI\PabloAPI.csproj", "{2D229209-99E2-417A-92D3-963A603A0889}"
EndProject
Project("{FAE04EC0-301F-11D3-BF4B-00C04F79EFBC}") = "WarDogsShop", "WarDogsShop\WarDogsShop.csproj", "{DC0CD995-2643-4797-AF8E-0811DFE3AAF1}"
EndProject
Global
	GlobalSection(SolutionConfigurationPlatforms) = preSolution
		Debug|Any CPU = Debug|Any CPU
		Release|Any CPU = Release|Any CPU
	EndGlobalSection
	GlobalSection(ProjectConfigurationPlatforms) = postSolution
		{2D229209-99E2-417A-92D3-963A603A0889}.Debug|Any CPU.ActiveCfg = Debug|Any CPU
		{2D229209-99E2-417A-92D3-963A603A0889}.Debug|Any CPU.Build.0 = Debug|Any CPU
		{2D229209-99E2-417A-92D3-963A603A0889}.Release|Any CPU.ActiveCfg = Release|Any CPU
		{2D229209-99E2-417A-92D3-963A603A0889}.Release|Any CPU.Build.0 = Release|Any CPU
		{DC0CD995-2643-4797-AF8E-0811DFE3AAF1}.Debug|Any CPU.ActiveCfg = Debug|Any CPU
		{DC0CD995-2643-4797-AF8E-0811DFE3AAF1}.Debug|Any CPU.Build.0 = Debug|Any CPU
		{DC0CD995-2643-4797-AF8E-0811DFE3AAF1}.Release|Any CPU.ActiveCfg = Release|Any CPU
		{DC0CD995-2643-4797-AF8E-0811DFE3AAF1}.Release|Any CPU.Build.0 = Release|Any CPU
	EndGlobalSection
	GlobalSection(SolutionProperties) = preSolution
		HideSolutionNode = FALSE
	EndGlobalSection
	GlobalSection(ExtensibilityGlobals) = postSolution
		SolutionGuid = {EC6D7DA3-495E-47A2-919F-6294388A9846}
	EndGlobalSection
EndGlobal
